
Microsoft Visual Studio Solution File, Format Version 12.00
# Visual Studio Version 17
VisualStudioVersion = 17.11.35312.102
MinimumVisualStudioVersion = 10.0.40219.1
Project("{FAE04EC0-301F-11D3-BF4B-00C04F79EFBC}") = "Fuck.Tests", "Fuck.Tests.csproj", "{8F585B4B-9F25-400D-B059-E9A724927E1E}"
EndProject
Global
	GlobalSection(SolutionConfigurationPlatforms) = preSolution
		Debug|Any CPU = Debug|Any CPU
		Release|Any CPU = Release|Any CPU
	EndGlobalSection
	GlobalSection(ProjectConfigurationPlatforms) = postSolution
		{8F585B4B-9F25-400D-B059-E9A724927E1E}.Debug|Any CPU.ActiveCfg = Debug|Any CPU
		{8F585B4B-9F25-400D-B059-E9A724927E1E}.Debug|Any CPU.Build.0 = Debug|Any CPU
		{8F585B4B-9F25-400D-B059-E9A724927E1E}.Release|Any CPU.ActiveCfg = Release|Any CPU
		{8F585B4B-9F25-400D-B059-E9A724927E1E}.Release|Any CPU.Build.0 = Release|Any CPU
	EndGlobalSection
	GlobalSection(SolutionProperties) = preSolution
		HideSolutionNode = FALSE
	EndGlobalSection
	GlobalSection(ExtensibilityGlobals) = postSolution
		SolutionGuid = {9EACD099-730F-4C0B-A0F6-8BD1E2626E12}
	EndGlobalSection
EndGlobal
